
Microsoft Visual Studio Solution File, Format Version 12.00
# Visual Studio Version 17
VisualStudioVersion = 17.5.002.0
MinimumVisualStudioVersion = 10.0.40219.1
Project("{9A19103F-16F7-4668-BE54-9A1E7A4F7556}") = "BudgetApp", "BudgetApp.csproj", "{B31ED152-7C3D-4C48-ADA1-0F8B17026D14}"
EndProject
Global
	GlobalSection(SolutionConfigurationPlatforms) = preSolution
		Debug|Any CPU = Debug|Any CPU
		Release|Any CPU = Release|Any CPU
	EndGlobalSection
	GlobalSection(ProjectConfigurationPlatforms) = postSolution
		{B31ED152-7C3D-4C48-ADA1-0F8B17026D14}.Debug|Any CPU.ActiveCfg = Debug|Any CPU
		{B31ED152-7C3D-4C48-ADA1-0F8B17026D14}.Debug|Any CPU.Build.0 = Debug|Any CPU
		{B31ED152-7C3D-4C48-ADA1-0F8B17026D14}.Release|Any CPU.ActiveCfg = Release|Any CPU
		{B31ED152-7C3D-4C48-ADA1-0F8B17026D14}.Release|Any CPU.Build.0 = Release|Any CPU
	EndGlobalSection
	GlobalSection(SolutionProperties) = preSolution
		HideSolutionNode = FALSE
	EndGlobalSection
	GlobalSection(ExtensibilityGlobals) = postSolution
		SolutionGuid = {C0B05560-AC05-4C95-A27C-853EBECF0742}
	EndGlobalSection
EndGlobal
